
Microsoft Visual Studio Solution File, Format Version 12.00
# Visual Studio Version 17
VisualStudioVersion = 17.4.33110.190
MinimumVisualStudioVersion = 10.0.40219.1
Project("{9A19103F-16F7-4668-BE54-9A1E7A4F7556}") = "SimpleCrawler", "assignment7\SimpleCrawler.csproj", "{A0FE3D41-C115-4A47-BA35-2C2DEE70869A}"
EndProject
Project("{FAE04EC0-301F-11D3-BF4B-00C04F79EFBC}") = "WinFormForCrawler", "WinFormForCrawler\WinFormForCrawler.csproj", "{964A90F6-AC3E-426D-AB88-128165574253}"
EndProject
Global
	GlobalSection(SolutionConfigurationPlatforms) = preSolution
		Debug|Any CPU = Debug|Any CPU
		Release|Any CPU = Release|Any CPU
	EndGlobalSection
	GlobalSection(ProjectConfigurationPlatforms) = postSolution
		{A0FE3D41-C115-4A47-BA35-2C2DEE70869A}.Debug|Any CPU.ActiveCfg = Debug|Any CPU
		{A0FE3D41-C115-4A47-BA35-2C2DEE70869A}.Debug|Any CPU.Build.0 = Debug|Any CPU
		{A0FE3D41-C115-4A47-BA35-2C2DEE70869A}.Release|Any CPU.ActiveCfg = Release|Any CPU
		{A0FE3D41-C115-4A47-BA35-2C2DEE70869A}.Release|Any CPU.Build.0 = Release|Any CPU
		{964A90F6-AC3E-426D-AB88-128165574253}.Debug|Any CPU.ActiveCfg = Debug|Any CPU
		{964A90F6-AC3E-426D-AB88-128165574253}.Debug|Any CPU.Build.0 = Debug|Any CPU
		{964A90F6-AC3E-426D-AB88-128165574253}.Release|Any CPU.ActiveCfg = Release|Any CPU
		{964A90F6-AC3E-426D-AB88-128165574253}.Release|Any CPU.Build.0 = Release|Any CPU
	EndGlobalSection
	GlobalSection(SolutionProperties) = preSolution
		HideSolutionNode = FALSE
	EndGlobalSection
	GlobalSection(ExtensibilityGlobals) = postSolution
		SolutionGuid = {0624A417-DEB4-451B-A5AA-F65E7B2F569D}
	EndGlobalSection
EndGlobal
